// !$*UTF8*$!
{
	archiveVersion = 1;
	classes = {
	};
	objectVersion = 50;
	objects = {

/* Begin PBXBuildFile section */
		223E724B2233274D003164E0 /* ChannelVC.swift in Sources */ = {isa = PBXBuildFile; fileRef = 223E724A2233274D003164E0 /* ChannelVC.swift */; };
		223E724D2233276D003164E0 /* ChatVC.swift in Sources */ = {isa = PBXBuildFile; fileRef = 223E724C2233276D003164E0 /* ChatVC.swift */; };
		223E7251223333D0003164E0 /* SWRevealViewController.m in Sources */ = {isa = PBXBuildFile; fileRef = 223E724F223333CF003164E0 /* SWRevealViewController.m */; };
		2291E58322327CE900BA921D /* AppDelegate.swift in Sources */ = {isa = PBXBuildFile; fileRef = 2291E58222327CE900BA921D /* AppDelegate.swift */; };
		2291E58822327CE900BA921D /* Main.storyboard in Resources */ = {isa = PBXBuildFile; fileRef = 2291E58622327CE900BA921D /* Main.storyboard */; };
		2291E58A22327CE900BA921D /* Assets.xcassets in Resources */ = {isa = PBXBuildFile; fileRef = 2291E58922327CE900BA921D /* Assets.xcassets */; };
		2291E58D22327CE900BA921D /* LaunchScreen.storyboard in Resources */ = {isa = PBXBuildFile; fileRef = 2291E58B22327CE900BA921D /* LaunchScreen.storyboard */; };
		2C330A36D50A02CC193EED42 /* Pods_app_chat.framework in Frameworks */ = {isa = PBXBuildFile; fileRef = D0CF3869551D8E32D17C8C2A /* Pods_app_chat.framework */; };
/* End PBXBuildFile section */

/* Begin PBXFileReference section */
		04D991709BD27E4737991479 /* Pods-app-chat.debug.xcconfig */ = {isa = PBXFileReference; includeInIndex = 1; lastKnownFileType = text.xcconfig; name = "Pods-app-chat.debug.xcconfig"; path = "Pods/Target Support Files/Pods-app-chat/Pods-app-chat.debug.xcconfig"; sourceTree = "<group>"; };
		223E724A2233274D003164E0 /* ChannelVC.swift */ = {isa = PBXFileReference; lastKnownFileType = sourcecode.swift; path = ChannelVC.swift; sourceTree = "<group>"; };
		223E724C2233276D003164E0 /* ChatVC.swift */ = {isa = PBXFileReference; lastKnownFileType = sourcecode.swift; path = ChatVC.swift; sourceTree = "<group>"; };
		223E724E223333CD003164E0 /* app-chat-Bridging-Header.h */ = {isa = PBXFileReference; lastKnownFileType = sourcecode.c.h; path = "app-chat-Bridging-Header.h"; sourceTree = "<group>"; };
		223E724F223333CF003164E0 /* SWRevealViewController.m */ = {isa = PBXFileReference; fileEncoding = 4; lastKnownFileType = sourcecode.c.objc; path = SWRevealViewController.m; sourceTree = "<group>"; };
		223E7250223333D0003164E0 /* SWRevealViewController.h */ = {isa = PBXFileReference; fileEncoding = 4; lastKnownFileType = sourcecode.c.h; path = SWRevealViewController.h; sourceTree = "<group>"; };
		2291E57F22327CE900BA921D /* app-chat.app */ = {isa = PBXFileReference; explicitFileType = wrapper.application; includeInIndex = 0; path = "app-chat.app"; sourceTree = BUILT_PRODUCTS_DIR; };
		2291E58222327CE900BA921D /* AppDelegate.swift */ = {isa = PBXFileReference; lastKnownFileType = sourcecode.swift; path = AppDelegate.swift; sourceTree = "<group>"; };
		2291E58722327CE900BA921D /* Base */ = {isa = PBXFileReference; lastKnownFileType = file.storyboard; name = Base; path = Base.lproj/Main.storyboard; sourceTree = "<group>"; };
		2291E58922327CE900BA921D /* Assets.xcassets */ = {isa = PBXFileReference; lastKnownFileType = folder.assetcatalog; path = Assets.xcassets; sourceTree = "<group>"; };
		2291E58C22327CE900BA921D /* Base */ = {isa = PBXFileReference; lastKnownFileType = file.storyboard; name = Base; path = Base.lproj/LaunchScreen.storyboard; sourceTree = "<group>"; };
		2291E58E22327CE900BA921D /* Info.plist */ = {isa = PBXFileReference; lastKnownFileType = text.plist.xml; path = Info.plist; sourceTree = "<group>"; };
		5734E38C2EEE30D32CB93D29 /* Pods-app-chat.release.xcconfig */ = {isa = PBXFileReference; includeInIndex = 1; lastKnownFileType = text.xcconfig; name = "Pods-app-chat.release.xcconfig"; path = "Pods/Target Support Files/Pods-app-chat/Pods-app-chat.release.xcconfig"; sourceTree = "<group>"; };
		D0CF3869551D8E32D17C8C2A /* Pods_app_chat.framework */ = {isa = PBXFileReference; explicitFileType = wrapper.framework; includeInIndex = 0; path = Pods_app_chat.framework; sourceTree = BUILT_PRODUCTS_DIR; };
/* End PBXFileReference section */

/* Begin PBXFrameworksBuildPhase section */
		2291E57C22327CE900BA921D /* Frameworks */ = {
			isa = PBXFrameworksBuildPhase;
			buildActionMask = 2147483647;
			files = (
				2C330A36D50A02CC193EED42 /* Pods_app_chat.framework in Frameworks */,
			);
			runOnlyForDeploymentPostprocessing = 0;
		};
/* End PBXFrameworksBuildPhase section */

/* Begin PBXGroup section */
		223E724222330DBC003164E0 /* Supporting */ = {
			isa = PBXGroup;
			children = (
				223E7250223333D0003164E0 /* SWRevealViewController.h */,
				223E724F223333CF003164E0 /* SWRevealViewController.m */,
				223E724E223333CD003164E0 /* app-chat-Bridging-Header.h */,
			);
			path = Supporting;
			sourceTree = "<group>";
		};
		223E7247223326F4003164E0 /* controller */ = {
			isa = PBXGroup;
			children = (
				223E724A2233274D003164E0 /* ChannelVC.swift */,
				223E724C2233276D003164E0 /* ChatVC.swift */,
			);
			path = controller;
			sourceTree = "<group>";
		};
		223E724822332711003164E0 /* view */ = {
			isa = PBXGroup;
			children = (
			);
			path = view;
			sourceTree = "<group>";
		};
		223E72492233271A003164E0 /* model */ = {
			isa = PBXGroup;
			children = (
			);
			path = model;
			sourceTree = "<group>";
		};
		2291E57622327CE900BA921D = {
			isa = PBXGroup;
			children = (
				2291E58122327CE900BA921D /* app-chat */,
				2291E58022327CE900BA921D /* Products */,
				C6CB75DEAB4D94CF6CDC6A4E /* Pods */,
				D36891CF668B3892CEA77E74 /* Frameworks */,
			);
			sourceTree = "<group>";
		};
		2291E58022327CE900BA921D /* Products */ = {
			isa = PBXGroup;
			children = (
				2291E57F22327CE900BA921D /* app-chat.app */,
			);
			name = Products;
			sourceTree = "<group>";
		};
		2291E58122327CE900BA921D /* app-chat */ = {
			isa = PBXGroup;
			children = (
				223E724222330DBC003164E0 /* Supporting */,
				223E72492233271A003164E0 /* model */,
				223E724822332711003164E0 /* view */,
				223E7247223326F4003164E0 /* controller */,
				2291E58222327CE900BA921D /* AppDelegate.swift */,
				2291E58622327CE900BA921D /* Main.storyboard */,
				2291E58922327CE900BA921D /* Assets.xcassets */,
				2291E58B22327CE900BA921D /* LaunchScreen.storyboard */,
				2291E58E22327CE900BA921D /* Info.plist */,
			);
			path = "app-chat";
			sourceTree = "<group>";
		};
		C6CB75DEAB4D94CF6CDC6A4E /* Pods */ = {
			isa = PBXGroup;
			children = (
				04D991709BD27E4737991479 /* Pods-app-chat.debug.xcconfig */,
				5734E38C2EEE30D32CB93D29 /* Pods-app-chat.release.xcconfig */,
			);
			name = Pods;
			sourceTree = "<group>";
		};
		D36891CF668B3892CEA77E74 /* Frameworks */ = {
			isa = PBXGroup;
			children = (
				D0CF3869551D8E32D17C8C2A /* Pods_app_chat.framework */,
			);
			name = Frameworks;
			sourceTree = "<group>";
		};
/* End PBXGroup section */

/* Begin PBXNativeTarget section */
		2291E57E22327CE900BA921D /* app-chat */ = {
			isa = PBXNativeTarget;
			buildConfigurationList = 2291E59122327CE900BA921D /* Build configuration list for PBXNativeTarget "app-chat" */;
			buildPhases = (
				7403715EAA05AB14860694C6 /* [CP] Check Pods Manifest.lock */,
				2291E57B22327CE900BA921D /* Sources */,
				2291E57C22327CE900BA921D /* Frameworks */,
				2291E57D22327CE900BA921D /* Resources */,
				79CBA48DA9510494709FDE6B /* [CP] Embed Pods Frameworks */,
			);
			buildRules = (
			);
			dependencies = (
			);
			name = "app-chat";
			productName = "app-chat";
			productReference = 2291E57F22327CE900BA921D /* app-chat.app */;
			productType = "com.apple.product-type.application";
		};
/* End PBXNativeTarget section */

/* Begin PBXProject section */
		2291E57722327CE900BA921D /* Project object */ = {
			isa = PBXProject;
			attributes = {
				LastSwiftUpdateCheck = 0940;
				LastUpgradeCheck = 0940;
				ORGANIZATIONNAME = "Ahmed Eid";
				TargetAttributes = {
					2291E57E22327CE900BA921D = {
						CreatedOnToolsVersion = 9.4;
						LastSwiftMigration = 0940;
					};
				};
			};
			buildConfigurationList = 2291E57A22327CE900BA921D /* Build configuration list for PBXProject "app-chat" */;
			compatibilityVersion = "Xcode 9.3";
			developmentRegion = en;
			hasScannedForEncodings = 0;
			knownRegions = (
				en,
				Base,
			);
			mainGroup = 2291E57622327CE900BA921D;
			productRefGroup = 2291E58022327CE900BA921D /* Products */;
			projectDirPath = "";
			projectRoot = "";
			targets = (
				2291E57E22327CE900BA921D /* app-chat */,
			);
		};
/* End PBXProject section */

/* Begin PBXResourcesBuildPhase section */
		2291E57D22327CE900BA921D /* Resources */ = {
			isa = PBXResourcesBuildPhase;
			buildActionMask = 2147483647;
			files = (
				2291E58D22327CE900BA921D /* LaunchScreen.storyboard in Resources */,
				2291E58A22327CE900BA921D /* Assets.xcassets in Resources */,
				2291E58822327CE900BA921D /* Main.storyboard in Resources */,
			);
			runOnlyForDeploymentPostprocessing = 0;
		};
/* End PBXResourcesBuildPhase section */

/* Begin PBXShellScriptBuildPhase section */
		7403715EAA05AB14860694C6 /* [CP] Check Pods Manifest.lock */ = {
			isa = PBXShellScriptBuildPhase;
			buildActionMask = 2147483647;
			files = (
			);
			inputPaths = (
				"${PODS_PODFILE_DIR_PATH}/Podfile.lock",
				"${PODS_ROOT}/Manifest.lock",
			);
			name = "[CP] Check Pods Manifest.lock";
			outputPaths = (
				"$(DERIVED_FILE_DIR)/Pods-app-chat-checkManifestLockResult.txt",
			);
			runOnlyForDeploymentPostprocessing = 0;
			shellPath = /bin/sh;
			shellScript = "diff \"${PODS_PODFILE_DIR_PATH}/Podfile.lock\" \"${PODS_ROOT}/Manifest.lock\" > /dev/null\nif [ $? != 0 ] ; then\n    # print error to STDERR\n    echo \"error: The sandbox is not in sync with the Podfile.lock. Run 'pod install' or update your CocoaPods installation.\" >&2\n    exit 1\nfi\n# This output is used by Xcode 'outputs' to avoid re-running this script phase.\necho \"SUCCESS\" > \"${SCRIPT_OUTPUT_FILE_0}\"\n";
			showEnvVarsInLog = 0;
		};
		79CBA48DA9510494709FDE6B /* [CP] Embed Pods Frameworks */ = {
			isa = PBXShellScriptBuildPhase;
			buildActionMask = 2147483647;
			files = (
			);
			inputPaths = (
				"${SRCROOT}/Pods/Target Support Files/Pods-app-chat/Pods-app-chat-frameworks.sh",
				"${BUILT_PRODUCTS_DIR}/Alamofire/Alamofire.framework",
				"${BUILT_PRODUCTS_DIR}/Socket.IO-Client-Swift/SocketIO.framework",
				"${BUILT_PRODUCTS_DIR}/Starscream/Starscream.framework",
				"${BUILT_PRODUCTS_DIR}/SwiftyJSON/SwiftyJSON.framework",
			);
			name = "[CP] Embed Pods Frameworks";
			outputPaths = (
				"${TARGET_BUILD_DIR}/${FRAMEWORKS_FOLDER_PATH}/Alamofire.framework",
				"${TARGET_BUILD_DIR}/${FRAMEWORKS_FOLDER_PATH}/SocketIO.framework",
				"${TARGET_BUILD_DIR}/${FRAMEWORKS_FOLDER_PATH}/Starscream.framework",
				"${TARGET_BUILD_DIR}/${FRAMEWORKS_FOLDER_PATH}/SwiftyJSON.framework",
			);
			runOnlyForDeploymentPostprocessing = 0;
			shellPath = /bin/sh;
			shellScript = "\"${SRCROOT}/Pods/Target Support Files/Pods-app-chat/Pods-app-chat-frameworks.sh\"\n";
			showEnvVarsInLog = 0;
		};
/* End PBXShellScriptBuildPhase section */

/* Begin PBXSourcesBuildPhase section */
		2291E57B22327CE900BA921D /* Sources */ = {
			isa = PBXSourcesBuildPhase;
			buildActionMask = 2147483647;
			files = (
				223E724D2233276D003164E0 /* ChatVC.swift in Sources */,
				2291E58322327CE900BA921D /* AppDelegate.swift in Sources */,
				223E724B2233274D003164E0 /* ChannelVC.swift in Sources */,
				223E7251223333D0003164E0 /* SWRevealViewController.m in Sources */,
			);
			runOnlyForDeploymentPostprocessing = 0;
		};
/* End PBXSourcesBuildPhase section */

/* Begin PBXVariantGroup section */
		2291E58622327CE900BA921D /* Main.storyboard */ = {
			isa = PBXVariantGroup;
			children = (
				2291E58722327CE900BA921D /* Base */,
			);
			name = Main.storyboard;
			sourceTree = "<group>";
		};
		2291E58B22327CE900BA921D /* LaunchScreen.storyboard */ = {
			isa = PBXVariantGroup;
			children = (
				2291E58C22327CE900BA921D /* Base */,
			);
			name = LaunchScreen.storyboard;
			sourceTree = "<group>";
		};
/* End PBXVariantGroup section */

/* Begin XCBuildConfiguration section */
		2291E58F22327CE900BA921D /* Debug */ = {
			isa = XCBuildConfiguration;
			buildSettings = {
				ALWAYS_SEARCH_USER_PATHS = NO;
				CLANG_ANALYZER_NONNULL = YES;
				CLANG_ANALYZER_NUMBER_OBJECT_CONVERSION = YES_AGGRESSIVE;
				CLANG_CXX_LANGUAGE_STANDARD = "gnu++14";
				CLANG_CXX_LIBRARY = "libc++";
				CLANG_ENABLE_MODULES = YES;
				CLANG_ENABLE_OBJC_ARC = YES;
				CLANG_ENABLE_OBJC_WEAK = YES;
				CLANG_WARN_BLOCK_CAPTURE_AUTORELEASING = YES;
				CLANG_WARN_BOOL_CONVERSION = YES;
				CLANG_WARN_COMMA = YES;
				CLANG_WARN_CONSTANT_CONVERSION = YES;
				CLANG_WARN_DEPRECATED_OBJC_IMPLEMENTATIONS = YES;
				CLANG_WARN_DIRECT_OBJC_ISA_USAGE = YES_ERROR;
				CLANG_WARN_DOCUMENTATION_COMMENTS = YES;
				CLANG_WARN_EMPTY_BODY = YES;
				CLANG_WARN_ENUM_CONVERSION = YES;
				CLANG_WARN_INFINITE_RECURSION = YES;
				CLANG_WARN_INT_CONVERSION = YES;
				CLANG_WARN_NON_LITERAL_NULL_CONVERSION = YES;
				CLANG_WARN_OBJC_IMPLICIT_RETAIN_SELF = YES;
				CLANG_WARN_OBJC_LITERAL_CONVERSION = YES;
				CLANG_WARN_OBJC_ROOT_CLASS = YES_ERROR;
				CLANG_WARN_RANGE_LOOP_ANALYSIS = YES;
				CLANG_WARN_STRICT_PROTOTYPES = YES;
				CLANG_WARN_SUSPICIOUS_MOVE = YES;
				CLANG_WARN_UNGUARDED_AVAILABILITY = YES_AGGRESSIVE;
				CLANG_WARN_UNREACHABLE_CODE = YES;
				CLANG_WARN__DUPLICATE_METHOD_MATCH = YES;
				CODE_SIGN_IDENTITY = "iPhone Developer";
				COPY_PHASE_STRIP = NO;
				DEBUG_INFORMATION_FORMAT = dwarf;
				ENABLE_STRICT_OBJC_MSGSEND = YES;
				ENABLE_TESTABILITY = YES;
				GCC_C_LANGUAGE_STANDARD = gnu11;
				GCC_DYNAMIC_NO_PIC = NO;
				GCC_NO_COMMON_BLOCKS = YES;
				GCC_OPTIMIZATION_LEVEL = 0;
				GCC_PREPROCESSOR_DEFINITIONS = (
					"DEBUG=1",
					"$(inherited)",
				);
				GCC_WARN_64_TO_32_BIT_CONVERSION = YES;
				GCC_WARN_ABOUT_RETURN_TYPE = YES_ERROR;
				GCC_WARN_UNDECLARED_SELECTOR = YES;
				GCC_WARN_UNINITIALIZED_AUTOS = YES_AGGRESSIVE;
				GCC_WARN_UNUSED_FUNCTION = YES;
				GCC_WARN_UNUSED_VARIABLE = YES;
				IPHONEOS_DEPLOYMENT_TARGET = 11.4;
				MTL_ENABLE_DEBUG_INFO = YES;
				ONLY_ACTIVE_ARCH = YES;
				SDKROOT = iphoneos;
				SWIFT_ACTIVE_COMPILATION_CONDITIONS = DEBUG;
				SWIFT_OPTIMIZATION_LEVEL = "-Onone";
			};
			name = Debug;
		};
		2291E59022327CE900BA921D /* Release */ = {
			isa = XCBuildConfiguration;
			buildSettings = {
				ALWAYS_SEARCH_USER_PATHS = NO;
				CLANG_ANALYZER_NONNULL = YES;
				CLANG_ANALYZER_NUMBER_OBJECT_CONVERSION = YES_AGGRESSIVE;
				CLANG_CXX_LANGUAGE_STANDARD = "gnu++14";
				CLANG_CXX_LIBRARY = "libc++";
				CLANG_ENABLE_MODULES = YES;
				CLANG_ENABLE_OBJC_ARC = YES;
				CLANG_ENABLE_OBJC_WEAK = YES;
				CLANG_WARN_BLOCK_CAPTURE_AUTORELEASING = YES;
				CLANG_WARN_BOOL_CONVERSION = YES;
				CLANG_WARN_COMMA = YES;
				CLANG_WARN_CONSTANT_CONVERSION = YES;
				CLANG_WARN_DEPRECATED_OBJC_IMPLEMENTATIONS = YES;
				CLANG_WARN_DIRECT_OBJC_ISA_USAGE = YES_ERROR;
				CLANG_WARN_DOCUMENTATION_COMMENTS = YES;
				CLANG_WARN_EMPTY_BODY = YES;
				CLANG_WARN_ENUM_CONVERSION = YES;
				CLANG_WARN_INFINITE_RECURSION = YES;
				CLANG_WARN_INT_CONVERSION = YES;
				CLANG_WARN_NON_LITERAL_NULL_CONVERSION = YES;
				CLANG_WARN_OBJC_IMPLICIT_RETAIN_SELF = YES;
				CLANG_WARN_OBJC_LITERAL_CONVERSION = YES;
				CLANG_WARN_OBJC_ROOT_CLASS = YES_ERROR;
				CLANG_WARN_RANGE_LOOP_ANALYSIS = YES;
				CLANG_WARN_STRICT_PROTOTYPES = YES;
				CLANG_WARN_SUSPICIOUS_MOVE = YES;
				CLANG_WARN_UNGUARDED_AVAILABILITY = YES_AGGRESSIVE;
				CLANG_WARN_UNREACHABLE_CODE = YES;
				CLANG_WARN__DUPLICATE_METHOD_MATCH = YES;
				CODE_SIGN_IDENTITY = "iPhone Developer";
				COPY_PHASE_STRIP = NO;
				DEBUG_INFORMATION_FORMAT = "dwarf-with-dsym";
				ENABLE_NS_ASSERTIONS = NO;
				ENABLE_STRICT_OBJC_MSGSEND = YES;
				GCC_C_LANGUAGE_STANDARD = gnu11;
				GCC_NO_COMMON_BLOCKS = YES;
				GCC_WARN_64_TO_32_BIT_CONVERSION = YES;
				GCC_WARN_ABOUT_RETURN_TYPE = YES_ERROR;
				GCC_WARN_UNDECLARED_SELECTOR = YES;
				GCC_WARN_UNINITIALIZED_AUTOS = YES_AGGRESSIVE;
				GCC_WARN_UNUSED_FUNCTION = YES;
				GCC_WARN_UNUSED_VARIABLE = YES;
				IPHONEOS_DEPLOYMENT_TARGET = 11.4;
				MTL_ENABLE_DEBUG_INFO = NO;
				SDKROOT = iphoneos;
				SWIFT_COMPILATION_MODE = wholemodule;
				SWIFT_OPTIMIZATION_LEVEL = "-O";
				VALIDATE_PRODUCT = YES;
			};
			name = Release;
		};
		2291E59222327CE900BA921D /* Debug */ = {
			isa = XCBuildConfiguration;
			baseConfigurationReference = 04D991709BD27E4737991479 /* Pods-app-chat.debug.xcconfig */;
			buildSettings = {
				ASSETCATALOG_COMPILER_APPICON_NAME = AppIcon;
				CLANG_ENABLE_MODULES = YES;
				CODE_SIGN_STYLE = Automatic;
				INFOPLIST_FILE = "app-chat/Info.plist";
				LD_RUNPATH_SEARCH_PATHS = (
					"$(inherited)",
					"@executable_path/Frameworks",
				);
				PRODUCT_BUNDLE_IDENTIFIER = "ahmedeid.com.app-chat";
				PRODUCT_NAME = "$(TARGET_NAME)";
				SWIFT_OBJC_BRIDGING_HEADER = "app-chat/Supporting/app-chat-Bridging-Header.h";
				SWIFT_OPTIMIZATION_LEVEL = "-Onone";
				SWIFT_VERSION = 4.0;
				TARGETED_DEVICE_FAMILY = "1,2";
			};
			name = Debug;
		};
		2291E59322327CE900BA921D /* Release */ = {
			isa = XCBuildConfiguration;
			baseConfigurationReference = 5734E38C2EEE30D32CB93D29 /* Pods-app-chat.release.xcconfig */;
			buildSettings = {
				ASSETCATALOG_COMPILER_APPICON_NAME = AppIcon;
				CLANG_ENABLE_MODULES = YES;
				CODE_SIGN_STYLE = Automatic;
				INFOPLIST_FILE = "app-chat/Info.plist";
				LD_RUNPATH_SEARCH_PATHS = (
					"$(inherited)",
					"@executable_path/Frameworks",
				);
				PRODUCT_BUNDLE_IDENTIFIER = "ahmedeid.com.app-chat";
				PRODUCT_NAME = "$(TARGET_NAME)";
				SWIFT_OBJC_BRIDGING_HEADER = "app-chat/Supporting/app-chat-Bridging-Header.h";
				SWIFT_VERSION = 4.0;
				TARGETED_DEVICE_FAMILY = "1,2";
			};
			name = Release;
		};
/* End XCBuildConfiguration section */

/* Begin XCConfigurationList section */
		2291E57A22327CE900BA921D /* Build configuration list for PBXProject "app-chat" */ = {
			isa = XCConfigurationList;
			buildConfigurations = (
				2291E58F22327CE900BA921D /* Debug */,
				2291E59022327CE900BA921D /* Release */,
			);
			defaultConfigurationIsVisible = 0;
			defaultConfigurationName = Release;
		};
		2291E59122327CE900BA921D /* Build configuration list for PBXNativeTarget "app-chat" */ = {
			isa = XCConfigurationList;
			buildConfigurations = (
				2291E59222327CE900BA921D /* Debug */,
				2291E59322327CE900BA921D /* Release */,
			);
			defaultConfigurationIsVisible = 0;
			defaultConfigurationName = Release;
		};
/* End XCConfigurationList section */
	};
	rootObject = 2291E57722327CE900BA921D /* Project object */;
}
